PODS:
  - Blockstack (1.0.1):
    - CryptoSwift (= 0.15.0)
    - PromisesSwift
    - STRegex
  - Bolts/Tasks (1.9.0)
  - CryptoSwift (0.15.0)
  - Parse (1.17.3):
    - Parse/Core (= 1.17.3)
  - Parse/Core (1.17.3):
    - Bolts/Tasks (~> 1.9)
  - PromisesObjC (1.2.8)
  - PromisesSwift (1.2.8):
    - PromisesObjC (= 1.2.8)
  - STRegex (2.1.0)

DEPENDENCIES:
  - Blockstack
  - Parse

SPEC REPOS:
  trunk:
    - Blockstack
    - Bolts
    - CryptoSwift
    - Parse
    - PromisesObjC
    - PromisesSwift
    - STRegex

SPEC CHECKSUMS:
  Blockstack: 8dadf3fb26408d2a102690a8e45fc1068b403ab5
  Bolts: ac6567323eac61e203f6a9763667d0f711be34c8
  CryptoSwift: 769f58a9e89f64e8796c2e59ce5f002dc81a2438
  Parse: c1ad2a04d2cab2b54b6fb7da05f741abf2cf57d1
  PromisesObjC: c119f3cd559f50b7ae681fa59dc1acd19173b7e6
  PromisesSwift: 37bad6f4daddb02f7c9c531efe91e8b21c13ee2f
  STRegex: dfa420d93d8c1402956233b3879ec1fc14b45fbe

PODFILE CHECKSUM: 8a56fde9b6257a157b3938498c158a50bb9a532a

COCOAPODS: 1.8.4
